
Microsoft Visual Studio Solution File, Format Version 12.00
# Visual Studio 2012
Project("{FAE04EC0-301F-11D3-BF4B-00C04F79EFBC}") = "Alba.CsCss", "Alba.CsCss\Alba.CsCss.csproj", "{72DD968A-2B97-4D3D-8A87-80A76C6C830A}"
EndProject
Project("{2150E333-8FDC-42A3-9474-1A3956D46DE8}") = ".nuget", ".nuget", "{C9C8075B-D7F9-49DD-99B3-C58FFD794F0E}"
	ProjectSection(SolutionItems) = preProject
		.nuget\Build.cmd = .nuget\Build.cmd
		.nuget\css.png = .nuget\css.png
		.nuget\NuGet.Config = .nuget\NuGet.Config
		.nuget\NuGet.exe = .nuget\NuGet.exe
		.nuget\NuGet.targets = .nuget\NuGet.targets
		.nuget\Upload.cmd = .nuget\Upload.cmd
	EndProjectSection
EndProject
Project("{FAE04EC0-301F-11D3-BF4B-00C04F79EFBC}") = "Alba.Framework.CodeGeneration", "Alba.Framework\Alba.Framework.CodeGeneration\Alba.Framework.CodeGeneration.csproj", "{6B7272D1-B052-4B4D-B4F2-9C11E5BE1C89}"
EndProject
Project("{FAE04EC0-301F-11D3-BF4B-00C04F79EFBC}") = "Alba.Framework", "Alba.Framework\Alba.Framework\Alba.Framework.csproj", "{62730B23-450C-4B93-8D5C-F7037DB6D263}"
EndProject
Project("{2150E333-8FDC-42A3-9474-1A3956D46DE8}") = "Build", "Build", "{37E08910-E2AB-4F30-81DA-CC145C1C12B5}"
	ProjectSection(SolutionItems) = preProject
		Build\Common.targets = Build\Common.targets
		Build\CommonTests.targets = Build\CommonTests.targets
	EndProjectSection
EndProject
Project("{2150E333-8FDC-42A3-9474-1A3956D46DE8}") = "Tests", "Tests", "{72F60BBC-C668-48E3-87EF-E76DE15BEC61}"
EndProject
Project("{FAE04EC0-301F-11D3-BF4B-00C04F79EFBC}") = "Alba.CsCss.Tests", "Alba.CsCss.Tests\Alba.CsCss.Tests.csproj", "{4FB98F2C-9377-4A81-A723-F40CBA686663}"
EndProject
Project("{FAE04EC0-301F-11D3-BF4B-00C04F79EFBC}") = "Alba.Framework.Testing", "Alba.Framework\Alba.Framework.Testing\Alba.Framework.Testing.csproj", "{D4A932D6-F7BE-4EE4-89F4-F72BD270286B}"
EndProject
Project("{2150E333-8FDC-42A3-9474-1A3956D46DE8}") = "Global", "Global", "{09653AE6-3A14-4470-8A71-6724E4A31F98}"
	ProjectSection(SolutionItems) = preProject
		License.md = License.md
		ReadMe.md = ReadMe.md
	EndProjectSection
EndProject
Project("{2150E333-8FDC-42A3-9474-1A3956D46DE8}") = ".git", ".git", "{B2941A83-2797-49F8-BFB4-370A0A32B248}"
	ProjectSection(SolutionItems) = preProject
		.gitignore = .gitignore
		.gitmodules = .gitmodules
	EndProjectSection
EndProject
Global
	GlobalSection(SolutionConfigurationPlatforms) = preSolution
		Debug|Any CPU = Debug|Any CPU
		Release|Any CPU = Release|Any CPU
	EndGlobalSection
	GlobalSection(ProjectConfigurationPlatforms) = postSolution
		{72DD968A-2B97-4D3D-8A87-80A76C6C830A}.Debug|Any CPU.ActiveCfg = Debug|Any CPU
		{72DD968A-2B97-4D3D-8A87-80A76C6C830A}.Debug|Any CPU.Build.0 = Debug|Any CPU
		{72DD968A-2B97-4D3D-8A87-80A76C6C830A}.Release|Any CPU.ActiveCfg = Release|Any CPU
		{72DD968A-2B97-4D3D-8A87-80A76C6C830A}.Release|Any CPU.Build.0 = Release|Any CPU
		{6B7272D1-B052-4B4D-B4F2-9C11E5BE1C89}.Debug|Any CPU.ActiveCfg = Debug|Any CPU
		{6B7272D1-B052-4B4D-B4F2-9C11E5BE1C89}.Release|Any CPU.ActiveCfg = Release|Any CPU
		{62730B23-450C-4B93-8D5C-F7037DB6D263}.Debug|Any CPU.ActiveCfg = Debug|Any CPU
		{62730B23-450C-4B93-8D5C-F7037DB6D263}.Debug|Any CPU.Build.0 = Debug|Any CPU
		{62730B23-450C-4B93-8D5C-F7037DB6D263}.Release|Any CPU.ActiveCfg = Release|Any CPU
		{62730B23-450C-4B93-8D5C-F7037DB6D263}.Release|Any CPU.Build.0 = Release|Any CPU
		{4FB98F2C-9377-4A81-A723-F40CBA686663}.Debug|Any CPU.ActiveCfg = Debug|Any CPU
		{4FB98F2C-9377-4A81-A723-F40CBA686663}.Debug|Any CPU.Build.0 = Debug|Any CPU
		{4FB98F2C-9377-4A81-A723-F40CBA686663}.Release|Any CPU.ActiveCfg = Release|Any CPU
		{4FB98F2C-9377-4A81-A723-F40CBA686663}.Release|Any CPU.Build.0 = Release|Any CPU
		{D4A932D6-F7BE-4EE4-89F4-F72BD270286B}.Debug|Any CPU.ActiveCfg = Debug|Any CPU
		{D4A932D6-F7BE-4EE4-89F4-F72BD270286B}.Debug|Any CPU.Build.0 = Debug|Any CPU
		{D4A932D6-F7BE-4EE4-89F4-F72BD270286B}.Release|Any CPU.ActiveCfg = Release|Any CPU
		{D4A932D6-F7BE-4EE4-89F4-F72BD270286B}.Release|Any CPU.Build.0 = Release|Any CPU
	EndGlobalSection
	GlobalSection(SolutionProperties) = preSolution
		HideSolutionNode = FALSE
	EndGlobalSection
	GlobalSection(NestedProjects) = preSolution
		{4FB98F2C-9377-4A81-A723-F40CBA686663} = {72F60BBC-C668-48E3-87EF-E76DE15BEC61}
		{D4A932D6-F7BE-4EE4-89F4-F72BD270286B} = {72F60BBC-C668-48E3-87EF-E76DE15BEC61}
	EndGlobalSection
EndGlobal
